
Microsoft Visual Studio Solution File, Format Version 12.00
Project("{FAE04EC0-301F-11D3-BF4B-00C04F79EFBC}") = "BFSPathFinding", "BFSPathFinding\BFSPathFinding.csproj", "{0410CF0C-C2B4-4CA8-B47A-DC7D26F1D816}"
EndProject
Global
	GlobalSection(SolutionConfigurationPlatforms) = preSolution
		Debug|Any CPU = Debug|Any CPU
		Release|Any CPU = Release|Any CPU
	EndGlobalSection
	GlobalSection(ProjectConfigurationPlatforms) = postSolution
		{0410CF0C-C2B4-4CA8-B47A-DC7D26F1D816}.Debug|Any CPU.ActiveCfg = Debug|Any CPU
		{0410CF0C-C2B4-4CA8-B47A-DC7D26F1D816}.Debug|Any CPU.Build.0 = Debug|Any CPU
		{0410CF0C-C2B4-4CA8-B47A-DC7D26F1D816}.Release|Any CPU.ActiveCfg = Release|Any CPU
		{0410CF0C-C2B4-4CA8-B47A-DC7D26F1D816}.Release|Any CPU.Build.0 = Release|Any CPU
	EndGlobalSection
EndGlobal
